
Microsoft Visual Studio Solution File, Format Version 12.00
# Visual Studio Version 16
VisualStudioVersion = 16.0.31105.61
MinimumVisualStudioVersion = 10.0.40219.1
Project("{FAE04EC0-301F-11D3-BF4B-00C04F79EFBC}") = "PRO_finder", "PRO_finder\PRO_finder.csproj", "{1037DB08-FFBA-4434-B944-C56938703D9D}"
EndProject
Global
	GlobalSection(SolutionConfigurationPlatforms) = preSolution
		Debug|Any CPU = Debug|Any CPU
		Release|Any CPU = Release|Any CPU
	EndGlobalSection
	GlobalSection(ProjectConfigurationPlatforms) = postSolution
		{1037DB08-FFBA-4434-B944-C56938703D9D}.Debug|Any CPU.ActiveCfg = Debug|Any CPU
		{1037DB08-FFBA-4434-B944-C56938703D9D}.Debug|Any CPU.Build.0 = Debug|Any CPU
		{1037DB08-FFBA-4434-B944-C56938703D9D}.Release|Any CPU.ActiveCfg = Release|Any CPU
		{1037DB08-FFBA-4434-B944-C56938703D9D}.Release|Any CPU.Build.0 = Release|Any CPU
	EndGlobalSection
	GlobalSection(SolutionProperties) = preSolution
		HideSolutionNode = FALSE
	EndGlobalSection
	GlobalSection(ExtensibilityGlobals) = postSolution
		SolutionGuid = {ABAC3B18-515E-4927-B8AC-B6EDD0D8262E}
	EndGlobalSection
EndGlobal
